// !$*UTF8*$!
{
	archiveVersion = 1;
	classes = {
	};
	objectVersion = 55;
	objects = {

/* Begin PBXBuildFile section */
		150D07C8279544CA00C2DBE0 /* Task+CoreDataClass.swift in Sources */ = {isa = PBXBuildFile; fileRef = 150D07C6279544CA00C2DBE0 /* Task+CoreDataClass.swift */; };
		150D07C9279544CA00C2DBE0 /* Task+CoreDataProperties.swift in Sources */ = {isa = PBXBuildFile; fileRef = 150D07C7279544CA00C2DBE0 /* Task+CoreDataProperties.swift */; };
		150D07CB2795455C00C2DBE0 /* ObservableTasksFromDAL.swift in Sources */ = {isa = PBXBuildFile; fileRef = 150D07CA2795455C00C2DBE0 /* ObservableTasksFromDAL.swift */; };
		150D07CF2795478900C2DBE0 /* TaskFromBLL.swift in Sources */ = {isa = PBXBuildFile; fileRef = 150D07CE2795478900C2DBE0 /* TaskFromBLL.swift */; };
		150D07D12795484700C2DBE0 /* ObservableTasksFromBLL.swift in Sources */ = {isa = PBXBuildFile; fileRef = 150D07D02795484700C2DBE0 /* ObservableTasksFromBLL.swift */; };
		150D07D32795497700C2DBE0 /* TasksDAL.swift in Sources */ = {isa = PBXBuildFile; fileRef = 150D07D22795497700C2DBE0 /* TasksDAL.swift */; };
		150D07D527954AAD00C2DBE0 /* TasksBLL.swift in Sources */ = {isa = PBXBuildFile; fileRef = 150D07D427954AAD00C2DBE0 /* TasksBLL.swift */; };
		150D07D727954EC800C2DBE0 /* TasksVM.swift in Sources */ = {isa = PBXBuildFile; fileRef = 150D07D627954EC800C2DBE0 /* TasksVM.swift */; };
		150D07D92795567B00C2DBE0 /* TaskListCoordinator.swift in Sources */ = {isa = PBXBuildFile; fileRef = 150D07D82795567B00C2DBE0 /* TaskListCoordinator.swift */; };
		15A292B6279565DC00AF34D4 /* CoreDataStack.swift in Sources */ = {isa = PBXBuildFile; fileRef = 15A292B5279565DB00AF34D4 /* CoreDataStack.swift */; };
		15B7D9E92793D821001C7E1F /* AppDelegate.swift in Sources */ = {isa = PBXBuildFile; fileRef = 15B7D9E82793D821001C7E1F /* AppDelegate.swift */; };
		15B7D9EB2793D822001C7E1F /* SceneDelegate.swift in Sources */ = {isa = PBXBuildFile; fileRef = 15B7D9EA2793D822001C7E1F /* SceneDelegate.swift */; };
		15B7D9ED2793D822001C7E1F /* TaskListViewController.swift in Sources */ = {isa = PBXBuildFile; fileRef = 15B7D9EC2793D822001C7E1F /* TaskListViewController.swift */; };
		15B7D9F02793D822001C7E1F /* Main.storyboard in Resources */ = {isa = PBXBuildFile; fileRef = 15B7D9EE2793D822001C7E1F /* Main.storyboard */; };
		15B7D9F32793D822001C7E1F /* TaskTracker.xcdatamodeld in Sources */ = {isa = PBXBuildFile; fileRef = 15B7D9F12793D822001C7E1F /* TaskTracker.xcdatamodeld */; };
		15B7D9F52793D827001C7E1F /* Assets.xcassets in Resources */ = {isa = PBXBuildFile; fileRef = 15B7D9F42793D827001C7E1F /* Assets.xcassets */; };
		15B7D9F82793D827001C7E1F /* LaunchScreen.storyboard in Resources */ = {isa = PBXBuildFile; fileRef = 15B7D9F62793D827001C7E1F /* LaunchScreen.storyboard */; };
		15B7DA012793DB37001C7E1F /* TaskDetailsViewController.swift in Sources */ = {isa = PBXBuildFile; fileRef = 15B7DA002793DB36001C7E1F /* TaskDetailsViewController.swift */; };
		15B7DA072793EDDB001C7E1F /* TaskModel.swift in Sources */ = {isa = PBXBuildFile; fileRef = 15B7DA062793EDDB001C7E1F /* TaskModel.swift */; };
		15B7DA092793EEDF001C7E1F /* TaskListDisplayItem.swift in Sources */ = {isa = PBXBuildFile; fileRef = 15B7DA082793EEDF001C7E1F /* TaskListDisplayItem.swift */; };
		15B7DA0B279408EF001C7E1F /* TaskViewCell.xib in Resources */ = {isa = PBXBuildFile; fileRef = 15B7DA0A279408EF001C7E1F /* TaskViewCell.xib */; };
		15B7DA0D27940D93001C7E1F /* TaskViewCell.swift in Sources */ = {isa = PBXBuildFile; fileRef = 15B7DA0C27940D93001C7E1F /* TaskViewCell.swift */; };
		15B7DA0F27940EA0001C7E1F /* CheckBoxButton.swift in Sources */ = {isa = PBXBuildFile; fileRef = 15B7DA0E27940EA0001C7E1F /* CheckBoxButton.swift */; };
		15B7DA1127943690001C7E1F /* ObservableTaskListDisplayItem.swift in Sources */ = {isa = PBXBuildFile; fileRef = 15B7DA1027943690001C7E1F /* ObservableTaskListDisplayItem.swift */; };
		15B7DA132794546D001C7E1F /* Constant.swift in Sources */ = {isa = PBXBuildFile; fileRef = 15B7DA122794546D001C7E1F /* Constant.swift */; };
		15B7DA15279461CB001C7E1F /* AddTaskViewController.swift in Sources */ = {isa = PBXBuildFile; fileRef = 15B7DA14279461CB001C7E1F /* AddTaskViewController.swift */; };
/* End PBXBuildFile section */

/* Begin PBXFileReference section */
		150D07C6279544CA00C2DBE0 /* Task+CoreDataClass.swift */ = {isa = PBXFileReference; lastKnownFileType = sourcecode.swift; path = "Task+CoreDataClass.swift"; sourceTree = "<group>"; };
		150D07C7279544CA00C2DBE0 /* Task+CoreDataProperties.swift */ = {isa = PBXFileReference; lastKnownFileType = sourcecode.swift; path = "Task+CoreDataProperties.swift"; sourceTree = "<group>"; };
		150D07CA2795455C00C2DBE0 /* ObservableTasksFromDAL.swift */ = {isa = PBXFileReference; lastKnownFileType = sourcecode.swift; path = ObservableTasksFromDAL.swift; sourceTree = "<group>"; };
		150D07CE2795478900C2DBE0 /* TaskFromBLL.swift */ = {isa = PBXFileReference; lastKnownFileType = sourcecode.swift; path = TaskFromBLL.swift; sourceTree = "<group>"; };
		150D07D02795484700C2DBE0 /* ObservableTasksFromBLL.swift */ = {isa = PBXFileReference; lastKnownFileType = sourcecode.swift; path = ObservableTasksFromBLL.swift; sourceTree = "<group>"; };
		150D07D22795497700C2DBE0 /* TasksDAL.swift */ = {isa = PBXFileReference; lastKnownFileType = sourcecode.swift; path = TasksDAL.swift; sourceTree = "<group>"; };
		150D07D427954AAD00C2DBE0 /* TasksBLL.swift */ = {isa = PBXFileReference; lastKnownFileType = sourcecode.swift; path = TasksBLL.swift; sourceTree = "<group>"; };
		150D07D627954EC800C2DBE0 /* TasksVM.swift */ = {isa = PBXFileReference; lastKnownFileType = sourcecode.swift; path = TasksVM.swift; sourceTree = "<group>"; };
		150D07D82795567B00C2DBE0 /* TaskListCoordinator.swift */ = {isa = PBXFileReference; lastKnownFileType = sourcecode.swift; path = TaskListCoordinator.swift; sourceTree = "<group>"; };
		15A292B5279565DB00AF34D4 /* CoreDataStack.swift */ = {isa = PBXFileReference; lastKnownFileType = sourcecode.swift; path = CoreDataStack.swift; sourceTree = "<group>"; };
		15B7D9E52793D821001C7E1F /* TaskTracker.app */ = {isa = PBXFileReference; explicitFileType = wrapper.application; includeInIndex = 0; path = TaskTracker.app; sourceTree = BUILT_PRODUCTS_DIR; };
		15B7D9E82793D821001C7E1F /* AppDelegate.swift */ = {isa = PBXFileReference; lastKnownFileType = sourcecode.swift; path = AppDelegate.swift; sourceTree = "<group>"; };
		15B7D9EA2793D822001C7E1F /* SceneDelegate.swift */ = {isa = PBXFileReference; lastKnownFileType = sourcecode.swift; path = SceneDelegate.swift; sourceTree = "<group>"; };
		15B7D9EC2793D822001C7E1F /* TaskListViewController.swift */ = {isa = PBXFileReference; lastKnownFileType = sourcecode.swift; path = TaskListViewController.swift; sourceTree = "<group>"; };
		15B7D9EF2793D822001C7E1F /* Base */ = {isa = PBXFileReference; lastKnownFileType = file.storyboard; name = Base; path = Base.lproj/Main.storyboard; sourceTree = "<group>"; };
		15B7D9F22793D822001C7E1F /* TaskTracker.xcdatamodel */ = {isa = PBXFileReference; lastKnownFileType = wrapper.xcdatamodel; path = TaskTracker.xcdatamodel; sourceTree = "<group>"; };
		15B7D9F42793D827001C7E1F /* Assets.xcassets */ = {isa = PBXFileReference; lastKnownFileType = folder.assetcatalog; path = Assets.xcassets; sourceTree = "<group>"; };
		15B7D9F72793D827001C7E1F /* Base */ = {isa = PBXFileReference; lastKnownFileType = file.storyboard; name = Base; path = Base.lproj/LaunchScreen.storyboard; sourceTree = "<group>"; };
		15B7D9F92793D827001C7E1F /* Info.plist */ = {isa = PBXFileReference; lastKnownFileType = text.plist.xml; path = Info.plist; sourceTree = "<group>"; };
		15B7DA002793DB36001C7E1F /* TaskDetailsViewController.swift */ = {isa = PBXFileReference; lastKnownFileType = sourcecode.swift; path = TaskDetailsViewController.swift; sourceTree = "<group>"; };
		15B7DA062793EDDB001C7E1F /* TaskModel.swift */ = {isa = PBXFileReference; lastKnownFileType = sourcecode.swift; path = TaskModel.swift; sourceTree = "<group>"; };
		15B7DA082793EEDF001C7E1F /* TaskListDisplayItem.swift */ = {isa = PBXFileReference; lastKnownFileType = sourcecode.swift; path = TaskListDisplayItem.swift; sourceTree = "<group>"; };
		15B7DA0A279408EF001C7E1F /* TaskViewCell.xib */ = {isa = PBXFileReference; lastKnownFileType = file.xib; path = TaskViewCell.xib; sourceTree = "<group>"; };
		15B7DA0C27940D93001C7E1F /* TaskViewCell.swift */ = {isa = PBXFileReference; lastKnownFileType = sourcecode.swift; path = TaskViewCell.swift; sourceTree = "<group>"; };
		15B7DA0E27940EA0001C7E1F /* CheckBoxButton.swift */ = {isa = PBXFileReference; lastKnownFileType = sourcecode.swift; path = CheckBoxButton.swift; sourceTree = "<group>"; };
		15B7DA1027943690001C7E1F /* ObservableTaskListDisplayItem.swift */ = {isa = PBXFileReference; lastKnownFileType = sourcecode.swift; path = ObservableTaskListDisplayItem.swift; sourceTree = "<group>"; };
		15B7DA122794546D001C7E1F /* Constant.swift */ = {isa = PBXFileReference; lastKnownFileType = sourcecode.swift; path = Constant.swift; sourceTree = "<group>"; };
		15B7DA14279461CB001C7E1F /* AddTaskViewController.swift */ = {isa = PBXFileReference; lastKnownFileType = sourcecode.swift; path = AddTaskViewController.swift; sourceTree = "<group>"; };
/* End PBXFileReference section */

/* Begin PBXFrameworksBuildPhase section */
		15B7D9E22793D821001C7E1F /* Frameworks */ = {
			isa = PBXFrameworksBuildPhase;
			buildActionMask = 2147483647;
			files = (
			);
			runOnlyForDeploymentPostprocessing = 0;
		};
/* End PBXFrameworksBuildPhase section */

/* Begin PBXGroup section */
		150D07B7279539C000C2DBE0 /* UI Layer */ = {
			isa = PBXGroup;
			children = (
				15B7D9FF2793DB03001C7E1F /* View */,
				15B7DA022793DB4A001C7E1F /* ViewModel */,
				15B7DA032793EC67001C7E1F /* Model */,
				15B7DA042793EC98001C7E1F /* Xibs */,
				15B7DA052793ECB7001C7E1F /* Resources */,
			);
			path = "UI Layer";
			sourceTree = "<group>";
		};
		150D07B8279539EE00C2DBE0 /* Multi-Tier Layers */ = {
			isa = PBXGroup;
			children = (
				150D07D82795567B00C2DBE0 /* TaskListCoordinator.swift */,
				150D07B927953A5200C2DBE0 /* Presentation */,
				150D07BA27953A5A00C2DBE0 /* Business */,
				150D07BB27953A6000C2DBE0 /* Data */,
			);
			path = "Multi-Tier Layers";
			sourceTree = "<group>";
		};
		150D07B927953A5200C2DBE0 /* Presentation */ = {
			isa = PBXGroup;
			children = (
				150D07D627954EC800C2DBE0 /* TasksVM.swift */,
			);
			path = Presentation;
			sourceTree = "<group>";
		};
		150D07BA27953A5A00C2DBE0 /* Business */ = {
			isa = PBXGroup;
			children = (
				150D07D427954AAD00C2DBE0 /* TasksBLL.swift */,
				150D07BC27953D5800C2DBE0 /* Observables */,
				150D07BD27953D6800C2DBE0 /* BLLModels */,
			);
			path = Business;
			sourceTree = "<group>";
		};
		150D07BB27953A6000C2DBE0 /* Data */ = {
			isa = PBXGroup;
			children = (
				150D07D22795497700C2DBE0 /* TasksDAL.swift */,
				150D07CD2795464800C2DBE0 /* CoreData */,
				150D07BE27953D8200C2DBE0 /* Observables */,
				150D07BF27953D8C00C2DBE0 /* DALModels */,
			);
			path = Data;
			sourceTree = "<group>";
		};
		150D07BC27953D5800C2DBE0 /* Observables */ = {
			isa = PBXGroup;
			children = (
				150D07D02795484700C2DBE0 /* ObservableTasksFromBLL.swift */,
			);
			path = Observables;
			sourceTree = "<group>";
		};
		150D07BD27953D6800C2DBE0 /* BLLModels */ = {
			isa = PBXGroup;
			children = (
				150D07CE2795478900C2DBE0 /* TaskFromBLL.swift */,
			);
			path = BLLModels;
			sourceTree = "<group>";
		};
		150D07BE27953D8200C2DBE0 /* Observables */ = {
			isa = PBXGroup;
			children = (
				150D07CA2795455C00C2DBE0 /* ObservableTasksFromDAL.swift */,
			);
			path = Observables;
			sourceTree = "<group>";
		};
		150D07BF27953D8C00C2DBE0 /* DALModels */ = {
			isa = PBXGroup;
			children = (
				150D07C6279544CA00C2DBE0 /* Task+CoreDataClass.swift */,
				150D07C7279544CA00C2DBE0 /* Task+CoreDataProperties.swift */,
			);
			path = DALModels;
			sourceTree = "<group>";
		};
		150D07CD2795464800C2DBE0 /* CoreData */ = {
			isa = PBXGroup;
			children = (
				15A292B5279565DB00AF34D4 /* CoreDataStack.swift */,
			);
			path = CoreData;
			sourceTree = "<group>";
		};
		15B7D9DC2793D821001C7E1F = {
			isa = PBXGroup;
			children = (
				15B7D9E72793D821001C7E1F /* TaskTracker */,
				15B7D9E62793D821001C7E1F /* Products */,
			);
			sourceTree = "<group>";
		};
		15B7D9E62793D821001C7E1F /* Products */ = {
			isa = PBXGroup;
			children = (
				15B7D9E52793D821001C7E1F /* TaskTracker.app */,
			);
			name = Products;
			sourceTree = "<group>";
		};
		15B7D9E72793D821001C7E1F /* TaskTracker */ = {
			isa = PBXGroup;
			children = (
				15B7D9E82793D821001C7E1F /* AppDelegate.swift */,
				15B7D9EA2793D822001C7E1F /* SceneDelegate.swift */,
				150D07B7279539C000C2DBE0 /* UI Layer */,
				150D07B8279539EE00C2DBE0 /* Multi-Tier Layers */,
				15B7D9F92793D827001C7E1F /* Info.plist */,
				15B7D9F12793D822001C7E1F /* TaskTracker.xcdatamodeld */,
			);
			path = TaskTracker;
			sourceTree = "<group>";
		};
		15B7D9FF2793DB03001C7E1F /* View */ = {
			isa = PBXGroup;
			children = (
				15B7D9EC2793D822001C7E1F /* TaskListViewController.swift */,
				15B7DA002793DB36001C7E1F /* TaskDetailsViewController.swift */,
				15B7DA14279461CB001C7E1F /* AddTaskViewController.swift */,
				15B7DA0C27940D93001C7E1F /* TaskViewCell.swift */,
				15B7DA0E27940EA0001C7E1F /* CheckBoxButton.swift */,
			);
			path = View;
			sourceTree = "<group>";
		};
		15B7DA022793DB4A001C7E1F /* ViewModel */ = {
			isa = PBXGroup;
			children = (
				15B7DA1027943690001C7E1F /* ObservableTaskListDisplayItem.swift */,
				15B7DA082793EEDF001C7E1F /* TaskListDisplayItem.swift */,
			);
			path = ViewModel;
			sourceTree = "<group>";
		};
		15B7DA032793EC67001C7E1F /* Model */ = {
			isa = PBXGroup;
			children = (
				15B7DA062793EDDB001C7E1F /* TaskModel.swift */,
				15B7DA122794546D001C7E1F /* Constant.swift */,
			);
			path = Model;
			sourceTree = "<group>";
		};
		15B7DA042793EC98001C7E1F /* Xibs */ = {
			isa = PBXGroup;
			children = (
				15B7D9EE2793D822001C7E1F /* Main.storyboard */,
				15B7D9F62793D827001C7E1F /* LaunchScreen.storyboard */,
				15B7DA0A279408EF001C7E1F /* TaskViewCell.xib */,
			);
			path = Xibs;
			sourceTree = "<group>";
		};
		15B7DA052793ECB7001C7E1F /* Resources */ = {
			isa = PBXGroup;
			children = (
				15B7D9F42793D827001C7E1F /* Assets.xcassets */,
			);
			path = Resources;
			sourceTree = "<group>";
		};
/* End PBXGroup section */

/* Begin PBXNativeTarget section */
		15B7D9E42793D821001C7E1F /* TaskTracker */ = {
			isa = PBXNativeTarget;
			buildConfigurationList = 15B7D9FC2793D827001C7E1F /* Build configuration list for PBXNativeTarget "TaskTracker" */;
			buildPhases = (
				15B7D9E12793D821001C7E1F /* Sources */,
				15B7D9E22793D821001C7E1F /* Frameworks */,
				15B7D9E32793D821001C7E1F /* Resources */,
			);
			buildRules = (
			);
			dependencies = (
			);
			name = TaskTracker;
			productName = TaskTracker;
			productReference = 15B7D9E52793D821001C7E1F /* TaskTracker.app */;
			productType = "com.apple.product-type.application";
		};
/* End PBXNativeTarget section */

/* Begin PBXProject section */
		15B7D9DD2793D821001C7E1F /* Project object */ = {
			isa = PBXProject;
			attributes = {
				BuildIndependentTargetsInParallel = 1;
				LastSwiftUpdateCheck = 1320;
				LastUpgradeCheck = 1320;
				TargetAttributes = {
					15B7D9E42793D821001C7E1F = {
						CreatedOnToolsVersion = 13.2.1;
					};
				};
			};
			buildConfigurationList = 15B7D9E02793D821001C7E1F /* Build configuration list for PBXProject "TaskTracker" */;
			compatibilityVersion = "Xcode 13.0";
			developmentRegion = en;
			hasScannedForEncodings = 0;
			knownRegions = (
				en,
				Base,
			);
			mainGroup = 15B7D9DC2793D821001C7E1F;
			productRefGroup = 15B7D9E62793D821001C7E1F /* Products */;
			projectDirPath = "";
			projectRoot = "";
			targets = (
				15B7D9E42793D821001C7E1F /* TaskTracker */,
			);
		};
/* End PBXProject section */

/* Begin PBXResourcesBuildPhase section */
		15B7D9E32793D821001C7E1F /* Resources */ = {
			isa = PBXResourcesBuildPhase;
			buildActionMask = 2147483647;
			files = (
				15B7DA0B279408EF001C7E1F /* TaskViewCell.xib in Resources */,
				15B7D9F82793D827001C7E1F /* LaunchScreen.storyboard in Resources */,
				15B7D9F52793D827001C7E1F /* Assets.xcassets in Resources */,
				15B7D9F02793D822001C7E1F /* Main.storyboard in Resources */,
			);
			runOnlyForDeploymentPostprocessing = 0;
		};
/* End PBXResourcesBuildPhase section */

/* Begin PBXSourcesBuildPhase section */
		15B7D9E12793D821001C7E1F /* Sources */ = {
			isa = PBXSourcesBuildPhase;
			buildActionMask = 2147483647;
			files = (
				15B7DA012793DB37001C7E1F /* TaskDetailsViewController.swift in Sources */,
				150D07CF2795478900C2DBE0 /* TaskFromBLL.swift in Sources */,
				150D07D32795497700C2DBE0 /* TasksDAL.swift in Sources */,
				15B7DA15279461CB001C7E1F /* AddTaskViewController.swift in Sources */,
				150D07C8279544CA00C2DBE0 /* Task+CoreDataClass.swift in Sources */,
				15B7DA092793EEDF001C7E1F /* TaskListDisplayItem.swift in Sources */,
				150D07C9279544CA00C2DBE0 /* Task+CoreDataProperties.swift in Sources */,
				150D07D12795484700C2DBE0 /* ObservableTasksFromBLL.swift in Sources */,
				15B7D9ED2793D822001C7E1F /* TaskListViewController.swift in Sources */,
				15B7DA0D27940D93001C7E1F /* TaskViewCell.swift in Sources */,
				15B7DA0F27940EA0001C7E1F /* CheckBoxButton.swift in Sources */,
				150D07CB2795455C00C2DBE0 /* ObservableTasksFromDAL.swift in Sources */,
				150D07D527954AAD00C2DBE0 /* TasksBLL.swift in Sources */,
				15B7D9E92793D821001C7E1F /* AppDelegate.swift in Sources */,
				150D07D92795567B00C2DBE0 /* TaskListCoordinator.swift in Sources */,
				15B7D9EB2793D822001C7E1F /* SceneDelegate.swift in Sources */,
				15B7DA072793EDDB001C7E1F /* TaskModel.swift in Sources */,
				15A292B6279565DC00AF34D4 /* CoreDataStack.swift in Sources */,
				15B7DA132794546D001C7E1F /* Constant.swift in Sources */,
				150D07D727954EC800C2DBE0 /* TasksVM.swift in Sources */,
				15B7D9F32793D822001C7E1F /* TaskTracker.xcdatamodeld in Sources */,
				15B7DA1127943690001C7E1F /* ObservableTaskListDisplayItem.swift in Sources */,
			);
			runOnlyForDeploymentPostprocessing = 0;
		};
/* End PBXSourcesBuildPhase section */

/* Begin PBXVariantGroup section */
		15B7D9EE2793D822001C7E1F /* Main.storyboard */ = {
			isa = PBXVariantGroup;
			children = (
				15B7D9EF2793D822001C7E1F /* Base */,
			);
			name = Main.storyboard;
			sourceTree = "<group>";
		};
		15B7D9F62793D827001C7E1F /* LaunchScreen.storyboard */ = {
			isa = PBXVariantGroup;
			children = (
				15B7D9F72793D827001C7E1F /* Base */,
			);
			name = LaunchScreen.storyboard;
			sourceTree = "<group>";
		};
/* End PBXVariantGroup section */

/* Begin XCBuildConfiguration section */
		15B7D9FA2793D827001C7E1F /* Debug */ = {
			isa = XCBuildConfiguration;
			buildSettings = {
				ALWAYS_SEARCH_USER_PATHS = NO;
				CLANG_ANALYZER_NONNULL = YES;
				CLANG_ANALYZER_NUMBER_OBJECT_CONVERSION = YES_AGGRESSIVE;
				CLANG_CXX_LANGUAGE_STANDARD = "gnu++17";
				CLANG_CXX_LIBRARY = "libc++";
				CLANG_ENABLE_MODULES = YES;
				CLANG_ENABLE_OBJC_ARC = YES;
				CLANG_ENABLE_OBJC_WEAK = YES;
				CLANG_WARN_BLOCK_CAPTURE_AUTORELEASING = YES;
				CLANG_WARN_BOOL_CONVERSION = YES;
				CLANG_WARN_COMMA = YES;
				CLANG_WARN_CONSTANT_CONVERSION = YES;
				CLANG_WARN_DEPRECATED_OBJC_IMPLEMENTATIONS = YES;
				CLANG_WARN_DIRECT_OBJC_ISA_USAGE = YES_ERROR;
				CLANG_WARN_DOCUMENTATION_COMMENTS = YES;
				CLANG_WARN_EMPTY_BODY = YES;
				CLANG_WARN_ENUM_CONVERSION = YES;
				CLANG_WARN_INFINITE_RECURSION = YES;
				CLANG_WARN_INT_CONVERSION = YES;
				CLANG_WARN_NON_LITERAL_NULL_CONVERSION = YES;
				CLANG_WARN_OBJC_IMPLICIT_RETAIN_SELF = YES;
				CLANG_WARN_OBJC_LITERAL_CONVERSION = YES;
				CLANG_WARN_OBJC_ROOT_CLASS = YES_ERROR;
				CLANG_WARN_QUOTED_INCLUDE_IN_FRAMEWORK_HEADER = YES;
				CLANG_WARN_RANGE_LOOP_ANALYSIS = YES;
				CLANG_WARN_STRICT_PROTOTYPES = YES;
				CLANG_WARN_SUSPICIOUS_MOVE = YES;
				CLANG_WARN_UNGUARDED_AVAILABILITY = YES_AGGRESSIVE;
				CLANG_WARN_UNREACHABLE_CODE = YES;
				CLANG_WARN__DUPLICATE_METHOD_MATCH = YES;
				COPY_PHASE_STRIP = NO;
				DEBUG_INFORMATION_FORMAT = dwarf;
				ENABLE_STRICT_OBJC_MSGSEND = YES;
				ENABLE_TESTABILITY = YES;
				GCC_C_LANGUAGE_STANDARD = gnu11;
				GCC_DYNAMIC_NO_PIC = NO;
				GCC_NO_COMMON_BLOCKS = YES;
				GCC_OPTIMIZATION_LEVEL = 0;
				GCC_PREPROCESSOR_DEFINITIONS = (
					"DEBUG=1",
					"$(inherited)",
				);
				GCC_WARN_64_TO_32_BIT_CONVERSION = YES;
				GCC_WARN_ABOUT_RETURN_TYPE = YES_ERROR;
				GCC_WARN_UNDECLARED_SELECTOR = YES;
				GCC_WARN_UNINITIALIZED_AUTOS = YES_AGGRESSIVE;
				GCC_WARN_UNUSED_FUNCTION = YES;
				GCC_WARN_UNUSED_VARIABLE = YES;
				IPHONEOS_DEPLOYMENT_TARGET = 14.0;
				MTL_ENABLE_DEBUG_INFO = INCLUDE_SOURCE;
				MTL_FAST_MATH = YES;
				ONLY_ACTIVE_ARCH = YES;
				SDKROOT = iphoneos;
				SWIFT_ACTIVE_COMPILATION_CONDITIONS = DEBUG;
				SWIFT_OPTIMIZATION_LEVEL = "-Onone";
			};
			name = Debug;
		};
		15B7D9FB2793D827001C7E1F /* Release */ = {
			isa = XCBuildConfiguration;
			buildSettings = {
				ALWAYS_SEARCH_USER_PATHS = NO;
				CLANG_ANALYZER_NONNULL = YES;
				CLANG_ANALYZER_NUMBER_OBJECT_CONVERSION = YES_AGGRESSIVE;
				CLANG_CXX_LANGUAGE_STANDARD = "gnu++17";
				CLANG_CXX_LIBRARY = "libc++";
				CLANG_ENABLE_MODULES = YES;
				CLANG_ENABLE_OBJC_ARC = YES;
				CLANG_ENABLE_OBJC_WEAK = YES;
				CLANG_WARN_BLOCK_CAPTURE_AUTORELEASING = YES;
				CLANG_WARN_BOOL_CONVERSION = YES;
				CLANG_WARN_COMMA = YES;
				CLANG_WARN_CONSTANT_CONVERSION = YES;
				CLANG_WARN_DEPRECATED_OBJC_IMPLEMENTATIONS = YES;
				CLANG_WARN_DIRECT_OBJC_ISA_USAGE = YES_ERROR;
				CLANG_WARN_DOCUMENTATION_COMMENTS = YES;
				CLANG_WARN_EMPTY_BODY = YES;
				CLANG_WARN_ENUM_CONVERSION = YES;
				CLANG_WARN_INFINITE_RECURSION = YES;
				CLANG_WARN_INT_CONVERSION = YES;
				CLANG_WARN_NON_LITERAL_NULL_CONVERSION = YES;
				CLANG_WARN_OBJC_IMPLICIT_RETAIN_SELF = YES;
				CLANG_WARN_OBJC_LITERAL_CONVERSION = YES;
				CLANG_WARN_OBJC_ROOT_CLASS = YES_ERROR;
				CLANG_WARN_QUOTED_INCLUDE_IN_FRAMEWORK_HEADER = YES;
				CLANG_WARN_RANGE_LOOP_ANALYSIS = YES;
				CLANG_WARN_STRICT_PROTOTYPES = YES;
				CLANG_WARN_SUSPICIOUS_MOVE = YES;
				CLANG_WARN_UNGUARDED_AVAILABILITY = YES_AGGRESSIVE;
				CLANG_WARN_UNREACHABLE_CODE = YES;
				CLANG_WARN__DUPLICATE_METHOD_MATCH = YES;
				COPY_PHASE_STRIP = NO;
				DEBUG_INFORMATION_FORMAT = "dwarf-with-dsym";
				ENABLE_NS_ASSERTIONS = NO;
				ENABLE_STRICT_OBJC_MSGSEND = YES;
				GCC_C_LANGUAGE_STANDARD = gnu11;
				GCC_NO_COMMON_BLOCKS = YES;
				GCC_WARN_64_TO_32_BIT_CONVERSION = YES;
				GCC_WARN_ABOUT_RETURN_TYPE = YES_ERROR;
				GCC_WARN_UNDECLARED_SELECTOR = YES;
				GCC_WARN_UNINITIALIZED_AUTOS = YES_AGGRESSIVE;
				GCC_WARN_UNUSED_FUNCTION = YES;
				GCC_WARN_UNUSED_VARIABLE = YES;
				IPHONEOS_DEPLOYMENT_TARGET = 14.0;
				MTL_ENABLE_DEBUG_INFO = NO;
				MTL_FAST_MATH = YES;
				SDKROOT = iphoneos;
				SWIFT_COMPILATION_MODE = wholemodule;
				SWIFT_OPTIMIZATION_LEVEL = "-O";
				VALIDATE_PRODUCT = YES;
			};
			name = Release;
		};
		15B7D9FD2793D827001C7E1F /* Debug */ = {
			isa = XCBuildConfiguration;
			buildSettings = {
				ASSETCATALOG_COMPILER_APPICON_NAME = AppIcon;
				ASSETCATALOG_COMPILER_GLOBAL_ACCENT_COLOR_NAME = AccentColor;
				CODE_SIGN_STYLE = Automatic;
				CURRENT_PROJECT_VERSION = 1;
				DEVELOPMENT_TEAM = B6LN4XWA2V;
				GENERATE_INFOPLIST_FILE = YES;
				INFOPLIST_FILE = TaskTracker/Info.plist;
				INFOPLIST_KEY_UIApplicationSupportsIndirectInputEvents = YES;
				INFOPLIST_KEY_UILaunchStoryboardName = LaunchScreen;
				INFOPLIST_KEY_UISupportedInterfaceOrientations_iPad = "UIInterfaceOrientationPortrait UIInterfaceOrientationPortraitUpsideDown UIInterfaceOrientationLandscapeLeft UIInterfaceOrientationLandscapeRight";
				INFOPLIST_KEY_UISupportedInterfaceOrientations_iPhone = "UIInterfaceOrientationPortrait UIInterfaceOrientationLandscapeLeft UIInterfaceOrientationLandscapeRight";
				LD_RUNPATH_SEARCH_PATHS = (
					"$(inherited)",
					"@executable_path/Frameworks",
				);
				MARKETING_VERSION = 1.0;
				PRODUCT_BUNDLE_IDENTIFIER = com.va.TaskTracker;
				PRODUCT_NAME = "$(TARGET_NAME)";
				SWIFT_EMIT_LOC_STRINGS = YES;
				SWIFT_VERSION = 5.0;
				TARGETED_DEVICE_FAMILY = 1;
			};
			name = Debug;
		};
		15B7D9FE2793D827001C7E1F /* Release */ = {
			isa = XCBuildConfiguration;
			buildSettings = {
				ASSETCATALOG_COMPILER_APPICON_NAME = AppIcon;
				ASSETCATALOG_COMPILER_GLOBAL_ACCENT_COLOR_NAME = AccentColor;
				CODE_SIGN_STYLE = Automatic;
				CURRENT_PROJECT_VERSION = 1;
				DEVELOPMENT_TEAM = B6LN4XWA2V;
				GENERATE_INFOPLIST_FILE = YES;
				INFOPLIST_FILE = TaskTracker/Info.plist;
				INFOPLIST_KEY_UIApplicationSupportsIndirectInputEvents = YES;
				INFOPLIST_KEY_UILaunchStoryboardName = LaunchScreen;
				INFOPLIST_KEY_UISupportedInterfaceOrientations_iPad = "UIInterfaceOrientationPortrait UIInterfaceOrientationPortraitUpsideDown UIInterfaceOrientationLandscapeLeft UIInterfaceOrientationLandscapeRight";
				INFOPLIST_KEY_UISupportedInterfaceOrientations_iPhone = "UIInterfaceOrientationPortrait UIInterfaceOrientationLandscapeLeft UIInterfaceOrientationLandscapeRight";
				LD_RUNPATH_SEARCH_PATHS = (
					"$(inherited)",
					"@executable_path/Frameworks",
				);
				MARKETING_VERSION = 1.0;
				PRODUCT_BUNDLE_IDENTIFIER = com.va.TaskTracker;
				PRODUCT_NAME = "$(TARGET_NAME)";
				SWIFT_EMIT_LOC_STRINGS = YES;
				SWIFT_VERSION = 5.0;
				TARGETED_DEVICE_FAMILY = 1;
			};
			name = Release;
		};
/* End XCBuildConfiguration section */

/* Begin XCConfigurationList section */
		15B7D9E02793D821001C7E1F /* Build configuration list for PBXProject "TaskTracker" */ = {
			isa = XCConfigurationList;
			buildConfigurations = (
				15B7D9FA2793D827001C7E1F /* Debug */,
				15B7D9FB2793D827001C7E1F /* Release */,
			);
			defaultConfigurationIsVisible = 0;
			defaultConfigurationName = Release;
		};
		15B7D9FC2793D827001C7E1F /* Build configuration list for PBXNativeTarget "TaskTracker" */ = {
			isa = XCConfigurationList;
			buildConfigurations = (
				15B7D9FD2793D827001C7E1F /* Debug */,
				15B7D9FE2793D827001C7E1F /* Release */,
			);
			defaultConfigurationIsVisible = 0;
			defaultConfigurationName = Release;
		};
/* End XCConfigurationList section */

/* Begin XCVersionGroup section */
		15B7D9F12793D822001C7E1F /* TaskTracker.xcdatamodeld */ = {
			isa = XCVersionGroup;
			children = (
				15B7D9F22793D822001C7E1F /* TaskTracker.xcdatamodel */,
			);
			currentVersion = 15B7D9F22793D822001C7E1F /* TaskTracker.xcdatamodel */;
			path = TaskTracker.xcdatamodeld;
			sourceTree = "<group>";
			versionGroupType = wrapper.xcdatamodel;
		};
/* End XCVersionGroup section */
	};
	rootObject = 15B7D9DD2793D821001C7E1F /* Project object */;
}
